// !$*UTF8*$!
{
	archiveVersion = 1;
	classes = {
	};
	objectVersion = 51;
	objects = {

/* Begin PBXBuildFile section */
		9B03F08E2422DBBC005C6808 /* SignUpViewController.swift in Sources */ = {isa = PBXBuildFile; fileRef = 9B03F08D2422DBBC005C6808 /* SignUpViewController.swift */; };
		9B03F0902422E0C6005C6808 /* Constants.swift in Sources */ = {isa = PBXBuildFile; fileRef = 9B03F08F2422E0C6005C6808 /* Constants.swift */; };
		9B03F0932423032E005C6808 /* Assets.xcassets in Resources */ = {isa = PBXBuildFile; fileRef = 9B89AE20241DC699008B1AEA /* Assets.xcassets */; };
		9B03F09524230CAE005C6808 /* Main.storyboard in Resources */ = {isa = PBXBuildFile; fileRef = 9B03F09424230CAE005C6808 /* Main.storyboard */; };
		9B03F09724231136005C6808 /* HomeViewController.swift in Sources */ = {isa = PBXBuildFile; fileRef = 9B03F09624231136005C6808 /* HomeViewController.swift */; };
		9B03F09924232599005C6808 /* ProfileViewController.swift in Sources */ = {isa = PBXBuildFile; fileRef = 9B03F09824232599005C6808 /* ProfileViewController.swift */; };
		9B27A2582422D28700D4051A /* LoginViewController.swift in Sources */ = {isa = PBXBuildFile; fileRef = 9B27A2572422D28700D4051A /* LoginViewController.swift */; };
		9B4447CF2422C31800302816 /* LoginSignUp.storyboard in Resources */ = {isa = PBXBuildFile; fileRef = 9B4447CE2422C31800302816 /* LoginSignUp.storyboard */; };
		9B4447D12422C3EF00302816 /* Utilities.swift in Sources */ = {isa = PBXBuildFile; fileRef = 9B4447D02422C3EF00302816 /* Utilities.swift */; };
		9B4447D32422C40B00302816 /* LoginSignupViewController.swift in Sources */ = {isa = PBXBuildFile; fileRef = 9B4447D22422C40B00302816 /* LoginSignupViewController.swift */; };
		9B4447D52422C54700302816 /* Login.storyboard in Resources */ = {isa = PBXBuildFile; fileRef = 9B4447D42422C54700302816 /* Login.storyboard */; };
		9B4447D72422C5CB00302816 /* Signup.storyboard in Resources */ = {isa = PBXBuildFile; fileRef = 9B4447D62422C5CB00302816 /* Signup.storyboard */; };
		9B89AE15241DC696008B1AEA /* AppDelegate.swift in Sources */ = {isa = PBXBuildFile; fileRef = 9B89AE14241DC696008B1AEA /* AppDelegate.swift */; };
		9B89AE17241DC696008B1AEA /* SceneDelegate.swift in Sources */ = {isa = PBXBuildFile; fileRef = 9B89AE16241DC696008B1AEA /* SceneDelegate.swift */; };
		9B89AE19241DC696008B1AEA /* ViewController.swift in Sources */ = {isa = PBXBuildFile; fileRef = 9B89AE18241DC696008B1AEA /* ViewController.swift */; };
		9B89AE1C241DC696008B1AEA /* Home.storyboard in Resources */ = {isa = PBXBuildFile; fileRef = 9B89AE1A241DC696008B1AEA /* Home.storyboard */; };
		9B89AE1F241DC696008B1AEA /* Friend_in_Real.xcdatamodeld in Sources */ = {isa = PBXBuildFile; fileRef = 9B89AE1D241DC696008B1AEA /* Friend_in_Real.xcdatamodeld */; };
		9B89AE24241DC699008B1AEA /* LaunchScreen.storyboard in Resources */ = {isa = PBXBuildFile; fileRef = 9B89AE22241DC699008B1AEA /* LaunchScreen.storyboard */; };
		9B89AE2D241DCD23008B1AEA /* Map.storyboard in Resources */ = {isa = PBXBuildFile; fileRef = 9B89AE2C241DCD23008B1AEA /* Map.storyboard */; };
		9B89AE2F241DD079008B1AEA /* Profile.storyboard in Resources */ = {isa = PBXBuildFile; fileRef = 9B89AE2E241DD079008B1AEA /* Profile.storyboard */; };
		9B89AE31241DD8DE008B1AEA /* MapViewController.swift in Sources */ = {isa = PBXBuildFile; fileRef = 9B89AE30241DD8DE008B1AEA /* MapViewController.swift */; };
		9B89AE33241DDF96008B1AEA /* Event.swift in Sources */ = {isa = PBXBuildFile; fileRef = 9B89AE32241DDF96008B1AEA /* Event.swift */; };
		9BD9E29D241EEDC700624F09 /* NetworkService.swift in Sources */ = {isa = PBXBuildFile; fileRef = 9BD9E29C241EEDC700624F09 /* NetworkService.swift */; };
		9BDE5439241EF86C005A6964 /* Test.swift in Sources */ = {isa = PBXBuildFile; fileRef = 9BDE5438241EF86C005A6964 /* Test.swift */; };
		9BDE543C241EFE93005A6964 /* Business.swift in Sources */ = {isa = PBXBuildFile; fileRef = 9BDE543B241EFE93005A6964 /* Business.swift */; };
		9BDE5463241F44FF005A6964 /* ButtonView.swift in Sources */ = {isa = PBXBuildFile; fileRef = 9BDE5462241F44FF005A6964 /* ButtonView.swift */; };
		9BDE5469241F5753005A6964 /* ButtonViewController.swift in Sources */ = {isa = PBXBuildFile; fileRef = 9BDE5468241F5753005A6964 /* ButtonViewController.swift */; };
		9BDE546B241F609C005A6964 /* Swipe.storyboard in Resources */ = {isa = PBXBuildFile; fileRef = 9BDE546A241F609C005A6964 /* Swipe.storyboard */; };
		9BDE546F24215B8D005A6964 /* GoogleService-Info.plist in Resources */ = {isa = PBXBuildFile; fileRef = 9BDE546E24215B8D005A6964 /* GoogleService-Info.plist */; };
		B1162EBF08F8C7C2275C08C9 /* Pods_Friend_in_Real.framework in Frameworks */ = {isa = PBXBuildFile; fileRef = 833A9DBF70C1C5A3E3BA0F09 /* Pods_Friend_in_Real.framework */; };
/* End PBXBuildFile section */

/* Begin PBXFileReference section */
		833A9DBF70C1C5A3E3BA0F09 /* Pods_Friend_in_Real.framework */ = {isa = PBXFileReference; explicitFileType = wrapper.framework; includeInIndex = 0; path = Pods_Friend_in_Real.framework; sourceTree = BUILT_PRODUCTS_DIR; };
		9B03F08D2422DBBC005C6808 /* SignUpViewController.swift */ = {isa = PBXFileReference; lastKnownFileType = sourcecode.swift; path = SignUpViewController.swift; sourceTree = "<group>"; };
		9B03F08F2422E0C6005C6808 /* Constants.swift */ = {isa = PBXFileReference; fileEncoding = 4; lastKnownFileType = sourcecode.swift; path = Constants.swift; sourceTree = "<group>"; };
		9B03F09424230CAE005C6808 /* Main.storyboard */ = {isa = PBXFileReference; lastKnownFileType = file.storyboard; path = Main.storyboard; sourceTree = "<group>"; };
		9B03F09624231136005C6808 /* HomeViewController.swift */ = {isa = PBXFileReference; lastKnownFileType = sourcecode.swift; name = HomeViewController.swift; path = Storyboards/HomeViewController.swift; sourceTree = "<group>"; };
		9B03F09824232599005C6808 /* ProfileViewController.swift */ = {isa = PBXFileReference; lastKnownFileType = sourcecode.swift; path = ProfileViewController.swift; sourceTree = "<group>"; };
		9B27A2572422D28700D4051A /* LoginViewController.swift */ = {isa = PBXFileReference; lastKnownFileType = sourcecode.swift; path = LoginViewController.swift; sourceTree = "<group>"; };
		9B4447CE2422C31800302816 /* LoginSignUp.storyboard */ = {isa = PBXFileReference; lastKnownFileType = file.storyboard; path = LoginSignUp.storyboard; sourceTree = "<group>"; };
		9B4447D02422C3EF00302816 /* Utilities.swift */ = {isa = PBXFileReference; fileEncoding = 4; lastKnownFileType = sourcecode.swift; path = Utilities.swift; sourceTree = "<group>"; };
		9B4447D22422C40B00302816 /* LoginSignupViewController.swift */ = {isa = PBXFileReference; lastKnownFileType = sourcecode.swift; path = LoginSignupViewController.swift; sourceTree = "<group>"; };
		9B4447D42422C54700302816 /* Login.storyboard */ = {isa = PBXFileReference; lastKnownFileType = file.storyboard; path = Login.storyboard; sourceTree = "<group>"; };
		9B4447D62422C5CB00302816 /* Signup.storyboard */ = {isa = PBXFileReference; lastKnownFileType = file.storyboard; path = Signup.storyboard; sourceTree = "<group>"; };
		9B89AE11241DC696008B1AEA /* Friend in Real.app */ = {isa = PBXFileReference; explicitFileType = wrapper.application; includeInIndex = 0; path = "Friend in Real.app"; sourceTree = BUILT_PRODUCTS_DIR; };
		9B89AE14241DC696008B1AEA /* AppDelegate.swift */ = {isa = PBXFileReference; lastKnownFileType = sourcecode.swift; path = AppDelegate.swift; sourceTree = "<group>"; };
		9B89AE16241DC696008B1AEA /* SceneDelegate.swift */ = {isa = PBXFileReference; lastKnownFileType = sourcecode.swift; path = SceneDelegate.swift; sourceTree = "<group>"; };
		9B89AE18241DC696008B1AEA /* ViewController.swift */ = {isa = PBXFileReference; lastKnownFileType = sourcecode.swift; path = ViewController.swift; sourceTree = "<group>"; };
		9B89AE1B241DC696008B1AEA /* Base */ = {isa = PBXFileReference; lastKnownFileType = file.storyboard; name = Base; path = Base.lproj/Home.storyboard; sourceTree = "<group>"; };
		9B89AE1E241DC696008B1AEA /* Friend_in_Real.xcdatamodel */ = {isa = PBXFileReference; lastKnownFileType = wrapper.xcdatamodel; path = Friend_in_Real.xcdatamodel; sourceTree = "<group>"; };
		9B89AE20241DC699008B1AEA /* Assets.xcassets */ = {isa = PBXFileReference; lastKnownFileType = folder.assetcatalog; path = Assets.xcassets; sourceTree = "<group>"; };
		9B89AE23241DC699008B1AEA /* Base */ = {isa = PBXFileReference; lastKnownFileType = file.storyboard; name = Base; path = Base.lproj/LaunchScreen.storyboard; sourceTree = "<group>"; };
		9B89AE25241DC699008B1AEA /* Info.plist */ = {isa = PBXFileReference; lastKnownFileType = text.plist.xml; path = Info.plist; sourceTree = "<group>"; };
		9B89AE2C241DCD23008B1AEA /* Map.storyboard */ = {isa = PBXFileReference; lastKnownFileType = file.storyboard; path = Map.storyboard; sourceTree = "<group>"; };
		9B89AE2E241DD079008B1AEA /* Profile.storyboard */ = {isa = PBXFileReference; lastKnownFileType = file.storyboard; path = Profile.storyboard; sourceTree = "<group>"; };
		9B89AE30241DD8DE008B1AEA /* MapViewController.swift */ = {isa = PBXFileReference; lastKnownFileType = sourcecode.swift; path = MapViewController.swift; sourceTree = "<group>"; };
		9B89AE32241DDF96008B1AEA /* Event.swift */ = {isa = PBXFileReference; lastKnownFileType = sourcecode.swift; path = Event.swift; sourceTree = "<group>"; };
		9BD9E29C241EEDC700624F09 /* NetworkService.swift */ = {isa = PBXFileReference; lastKnownFileType = sourcecode.swift; path = NetworkService.swift; sourceTree = "<group>"; };
		9BDE5438241EF86C005A6964 /* Test.swift */ = {isa = PBXFileReference; lastKnownFileType = sourcecode.swift; path = Test.swift; sourceTree = "<group>"; };
		9BDE543B241EFE93005A6964 /* Business.swift */ = {isa = PBXFileReference; lastKnownFileType = sourcecode.swift; path = Business.swift; sourceTree = "<group>"; };
		9BDE5462241F44FF005A6964 /* ButtonView.swift */ = {isa = PBXFileReference; lastKnownFileType = sourcecode.swift; path = ButtonView.swift; sourceTree = "<group>"; };
		9BDE5468241F5753005A6964 /* ButtonViewController.swift */ = {isa = PBXFileReference; lastKnownFileType = sourcecode.swift; path = ButtonViewController.swift; sourceTree = "<group>"; };
		9BDE546A241F609C005A6964 /* Swipe.storyboard */ = {isa = PBXFileReference; lastKnownFileType = file.storyboard; path = Swipe.storyboard; sourceTree = "<group>"; };
		9BDE546E24215B8D005A6964 /* GoogleService-Info.plist */ = {isa = PBXFileReference; fileEncoding = 4; lastKnownFileType = text.plist.xml; path = "GoogleService-Info.plist"; sourceTree = "<group>"; };
		A5A957FCBC48E72A44852EF8 /* Pods-Friend in Real.debug.xcconfig */ = {isa = PBXFileReference; includeInIndex = 1; lastKnownFileType = text.xcconfig; name = "Pods-Friend in Real.debug.xcconfig"; path = "Target Support Files/Pods-Friend in Real/Pods-Friend in Real.debug.xcconfig"; sourceTree = "<group>"; };
		F4C2BA7A1C5CF44316B29B43 /* Pods-Friend in Real.release.xcconfig */ = {isa = PBXFileReference; includeInIndex = 1; lastKnownFileType = text.xcconfig; name = "Pods-Friend in Real.release.xcconfig"; path = "Target Support Files/Pods-Friend in Real/Pods-Friend in Real.release.xcconfig"; sourceTree = "<group>"; };
/* End PBXFileReference section */

/* Begin PBXFrameworksBuildPhase section */
		9B89AE0E241DC696008B1AEA /* Frameworks */ = {
			isa = PBXFrameworksBuildPhase;
			buildActionMask = 2147483647;
			files = (
				B1162EBF08F8C7C2275C08C9 /* Pods_Friend_in_Real.framework in Frameworks */,
			);
			runOnlyForDeploymentPostprocessing = 0;
		};
/* End PBXFrameworksBuildPhase section */

/* Begin PBXGroup section */
		9B4447CD2422C2C400302816 /* Login */ = {
			isa = PBXGroup;
			children = (
				9B4447CE2422C31800302816 /* LoginSignUp.storyboard */,
				9B4447D02422C3EF00302816 /* Utilities.swift */,
				9B4447D22422C40B00302816 /* LoginSignupViewController.swift */,
				9B4447D42422C54700302816 /* Login.storyboard */,
				9B4447D62422C5CB00302816 /* Signup.storyboard */,
				9B27A2572422D28700D4051A /* LoginViewController.swift */,
				9B03F08D2422DBBC005C6808 /* SignUpViewController.swift */,
				9B03F08F2422E0C6005C6808 /* Constants.swift */,
			);
			path = Login;
			sourceTree = "<group>";
		};
		9B89AE08241DC696008B1AEA = {
			isa = PBXGroup;
			children = (
				9B89AE13241DC696008B1AEA /* Friend in Real */,
				9B89AE12241DC696008B1AEA /* Products */,
				FAE9944719437EBDD3E49B9A /* Pods */,
				FD59FA819DCF784A7081DB57 /* Frameworks */,
			);
			sourceTree = "<group>";
		};
		9B89AE12241DC696008B1AEA /* Products */ = {
			isa = PBXGroup;
			children = (
				9B89AE11241DC696008B1AEA /* Friend in Real.app */,
			);
			name = Products;
			sourceTree = "<group>";
		};
		9B89AE13241DC696008B1AEA /* Friend in Real */ = {
			isa = PBXGroup;
			children = (
				9B4447CD2422C2C400302816 /* Login */,
				9BDE543A241EFE79005A6964 /* Models */,
				9BD9E29B241EEDA500624F09 /* Services */,
				9B89AE2B241DCCFA008B1AEA /* Storyboards */,
				9B89AE14241DC696008B1AEA /* AppDelegate.swift */,
				9B03F09624231136005C6808 /* HomeViewController.swift */,
				9B89AE30241DD8DE008B1AEA /* MapViewController.swift */,
				9BDE5468241F5753005A6964 /* ButtonViewController.swift */,
				9B89AE32241DDF96008B1AEA /* Event.swift */,
				9BDE5438241EF86C005A6964 /* Test.swift */,
				9BDE5462241F44FF005A6964 /* ButtonView.swift */,
				9B89AE18241DC696008B1AEA /* ViewController.swift */,
				9B03F09824232599005C6808 /* ProfileViewController.swift */,
				9B89AE16241DC696008B1AEA /* SceneDelegate.swift */,
				9BDE546E24215B8D005A6964 /* GoogleService-Info.plist */,
				9B89AE20241DC699008B1AEA /* Assets.xcassets */,
				9B89AE22241DC699008B1AEA /* LaunchScreen.storyboard */,
				9B89AE25241DC699008B1AEA /* Info.plist */,
				9B89AE1D241DC696008B1AEA /* Friend_in_Real.xcdatamodeld */,
			);
			path = "Friend in Real";
			sourceTree = "<group>";
		};
		9B89AE2B241DCCFA008B1AEA /* Storyboards */ = {
			isa = PBXGroup;
			children = (
				9B89AE2C241DCD23008B1AEA /* Map.storyboard */,
				9BDE546A241F609C005A6964 /* Swipe.storyboard */,
				9B89AE1A241DC696008B1AEA /* Home.storyboard */,
				9B03F09424230CAE005C6808 /* Main.storyboard */,
				9B89AE2E241DD079008B1AEA /* Profile.storyboard */,
			);
			path = Storyboards;
			sourceTree = "<group>";
		};
		9BD9E29B241EEDA500624F09 /* Services */ = {
			isa = PBXGroup;
			children = (
				9BD9E29C241EEDC700624F09 /* NetworkService.swift */,
			);
			path = Services;
			sourceTree = "<group>";
		};
		9BDE543A241EFE79005A6964 /* Models */ = {
			isa = PBXGroup;
			children = (
				9BDE543B241EFE93005A6964 /* Business.swift */,
			);
			path = Models;
			sourceTree = "<group>";
		};
		FAE9944719437EBDD3E49B9A /* Pods */ = {
			isa = PBXGroup;
			children = (
				A5A957FCBC48E72A44852EF8 /* Pods-Friend in Real.debug.xcconfig */,
				F4C2BA7A1C5CF44316B29B43 /* Pods-Friend in Real.release.xcconfig */,
			);
			path = Pods;
			sourceTree = "<group>";
		};
		FD59FA819DCF784A7081DB57 /* Frameworks */ = {
			isa = PBXGroup;
			children = (
				833A9DBF70C1C5A3E3BA0F09 /* Pods_Friend_in_Real.framework */,
			);
			name = Frameworks;
			sourceTree = "<group>";
		};
/* End PBXGroup section */

/* Begin PBXNativeTarget section */
		9B89AE10241DC696008B1AEA /* Friend in Real */ = {
			isa = PBXNativeTarget;
			buildConfigurationList = 9B89AE28241DC699008B1AEA /* Build configuration list for PBXNativeTarget "Friend in Real" */;
			buildPhases = (
				B3999DBF7DE400669D3CDFCB /* [CP] Check Pods Manifest.lock */,
				9B89AE0D241DC696008B1AEA /* Sources */,
				9B89AE0E241DC696008B1AEA /* Frameworks */,
				9B89AE0F241DC696008B1AEA /* Resources */,
				99D7508DA890E24819A338D7 /* [CP] Embed Pods Frameworks */,
			);
			buildRules = (
			);
			dependencies = (
			);
			name = "Friend in Real";
			productName = "Friend in Real";
			productReference = 9B89AE11241DC696008B1AEA /* Friend in Real.app */;
			productType = "com.apple.product-type.application";
		};
/* End PBXNativeTarget section */

/* Begin PBXProject section */
		9B89AE09241DC696008B1AEA /* Project object */ = {
			isa = PBXProject;
			attributes = {
				LastSwiftUpdateCheck = 1130;
				LastUpgradeCheck = 1130;
				ORGANIZATIONNAME = "James Wu";
				TargetAttributes = {
					9B89AE10241DC696008B1AEA = {
						CreatedOnToolsVersion = 11.3.1;
					};
				};
			};
			buildConfigurationList = 9B89AE0C241DC696008B1AEA /* Build configuration list for PBXProject "Friend in Real" */;
			compatibilityVersion = "Xcode 9.3";
			developmentRegion = en;
			hasScannedForEncodings = 0;
			knownRegions = (
				en,
				Base,
			);
			mainGroup = 9B89AE08241DC696008B1AEA;
			productRefGroup = 9B89AE12241DC696008B1AEA /* Products */;
			projectDirPath = "";
			projectRoot = "";
			targets = (
				9B89AE10241DC696008B1AEA /* Friend in Real */,
			);
		};
/* End PBXProject section */

/* Begin PBXResourcesBuildPhase section */
		9B89AE0F241DC696008B1AEA /* Resources */ = {
			isa = PBXResourcesBuildPhase;
			buildActionMask = 2147483647;
			files = (
				9B89AE24241DC699008B1AEA /* LaunchScreen.storyboard in Resources */,
				9B89AE2F241DD079008B1AEA /* Profile.storyboard in Resources */,
				9B89AE1C241DC696008B1AEA /* Home.storyboard in Resources */,
				9B89AE2D241DCD23008B1AEA /* Map.storyboard in Resources */,
				9B03F0932423032E005C6808 /* Assets.xcassets in Resources */,
				9B03F09524230CAE005C6808 /* Main.storyboard in Resources */,
				9BDE546B241F609C005A6964 /* Swipe.storyboard in Resources */,
				9BDE546F24215B8D005A6964 /* GoogleService-Info.plist in Resources */,
				9B4447CF2422C31800302816 /* LoginSignUp.storyboard in Resources */,
				9B4447D72422C5CB00302816 /* Signup.storyboard in Resources */,
				9B4447D52422C54700302816 /* Login.storyboard in Resources */,
			);
			runOnlyForDeploymentPostprocessing = 0;
		};
/* End PBXResourcesBuildPhase section */

/* Begin PBXShellScriptBuildPhase section */
		99D7508DA890E24819A338D7 /* [CP] Embed Pods Frameworks */ = {
			isa = PBXShellScriptBuildPhase;
			buildActionMask = 2147483647;
			files = (
			);
			inputFileListPaths = (
				"${PODS_ROOT}/Target Support Files/Pods-Friend in Real/Pods-Friend in Real-frameworks-${CONFIGURATION}-input-files.xcfilelist",
			);
			name = "[CP] Embed Pods Frameworks";
			outputFileListPaths = (
				"${PODS_ROOT}/Target Support Files/Pods-Friend in Real/Pods-Friend in Real-frameworks-${CONFIGURATION}-output-files.xcfilelist",
			);
			runOnlyForDeploymentPostprocessing = 0;
			shellPath = /bin/sh;
			shellScript = "\"${PODS_ROOT}/Target Support Files/Pods-Friend in Real/Pods-Friend in Real-frameworks.sh\"\n";
			showEnvVarsInLog = 0;
		};
		B3999DBF7DE400669D3CDFCB /* [CP] Check Pods Manifest.lock */ = {
			isa = PBXShellScriptBuildPhase;
			buildActionMask = 2147483647;
			files = (
			);
			inputFileListPaths = (
			);
			inputPaths = (
				"${PODS_PODFILE_DIR_PATH}/Podfile.lock",
				"${PODS_ROOT}/Manifest.lock",
			);
			name = "[CP] Check Pods Manifest.lock";
			outputFileListPaths = (
			);
			outputPaths = (
				"$(DERIVED_FILE_DIR)/Pods-Friend in Real-checkManifestLockResult.txt",
			);
			runOnlyForDeploymentPostprocessing = 0;
			shellPath = /bin/sh;
			shellScript = "diff \"${PODS_PODFILE_DIR_PATH}/Podfile.lock\" \"${PODS_ROOT}/Manifest.lock\" > /dev/null\nif [ $? != 0 ] ; then\n    # print error to STDERR\n    echo \"error: The sandbox is not in sync with the Podfile.lock. Run 'pod install' or update your CocoaPods installation.\" >&2\n    exit 1\nfi\n# This output is used by Xcode 'outputs' to avoid re-running this script phase.\necho \"SUCCESS\" > \"${SCRIPT_OUTPUT_FILE_0}\"\n";
			showEnvVarsInLog = 0;
		};
/* End PBXShellScriptBuildPhase section */

/* Begin PBXSourcesBuildPhase section */
		9B89AE0D241DC696008B1AEA /* Sources */ = {
			isa = PBXSourcesBuildPhase;
			buildActionMask = 2147483647;
			files = (
				9B27A2582422D28700D4051A /* LoginViewController.swift in Sources */,
				9B89AE1F241DC696008B1AEA /* Friend_in_Real.xcdatamodeld in Sources */,
				9B89AE19241DC696008B1AEA /* ViewController.swift in Sources */,
				9B03F09724231136005C6808 /* HomeViewController.swift in Sources */,
				9BDE5463241F44FF005A6964 /* ButtonView.swift in Sources */,
				9B89AE15241DC696008B1AEA /* AppDelegate.swift in Sources */,
				9B03F09924232599005C6808 /* ProfileViewController.swift in Sources */,
				9B89AE31241DD8DE008B1AEA /* MapViewController.swift in Sources */,
				9B89AE33241DDF96008B1AEA /* Event.swift in Sources */,
				9B03F0902422E0C6005C6808 /* Constants.swift in Sources */,
				9B4447D12422C3EF00302816 /* Utilities.swift in Sources */,
				9BDE5439241EF86C005A6964 /* Test.swift in Sources */,
				9B03F08E2422DBBC005C6808 /* SignUpViewController.swift in Sources */,
				9BDE543C241EFE93005A6964 /* Business.swift in Sources */,
				9B89AE17241DC696008B1AEA /* SceneDelegate.swift in Sources */,
				9BD9E29D241EEDC700624F09 /* NetworkService.swift in Sources */,
				9B4447D32422C40B00302816 /* LoginSignupViewController.swift in Sources */,
				9BDE5469241F5753005A6964 /* ButtonViewController.swift in Sources */,
			);
			runOnlyForDeploymentPostprocessing = 0;
		};
/* End PBXSourcesBuildPhase section */

/* Begin PBXVariantGroup section */
		9B89AE1A241DC696008B1AEA /* Home.storyboard */ = {
			isa = PBXVariantGroup;
			children = (
				9B89AE1B241DC696008B1AEA /* Base */,
			);
			name = Home.storyboard;
			sourceTree = "<group>";
		};
		9B89AE22241DC699008B1AEA /* LaunchScreen.storyboard */ = {
			isa = PBXVariantGroup;
			children = (
				9B89AE23241DC699008B1AEA /* Base */,
			);
			name = LaunchScreen.storyboard;
			sourceTree = "<group>";
		};
/* End PBXVariantGroup section */

/* Begin XCBuildConfiguration section */
		9B89AE26241DC699008B1AEA /* Debug */ = {
			isa = XCBuildConfiguration;
			buildSettings = {
				ALWAYS_SEARCH_USER_PATHS = NO;
				CLANG_ANALYZER_NONNULL = YES;
				CLANG_ANALYZER_NUMBER_OBJECT_CONVERSION = YES_AGGRESSIVE;
				CLANG_CXX_LANGUAGE_STANDARD = "gnu++14";
				CLANG_CXX_LIBRARY = "libc++";
				CLANG_ENABLE_MODULES = YES;
				CLANG_ENABLE_OBJC_ARC = YES;
				CLANG_ENABLE_OBJC_WEAK = YES;
				CLANG_WARN_BLOCK_CAPTURE_AUTORELEASING = YES;
				CLANG_WARN_BOOL_CONVERSION = YES;
				CLANG_WARN_COMMA = YES;
				CLANG_WARN_CONSTANT_CONVERSION = YES;
				CLANG_WARN_DEPRECATED_OBJC_IMPLEMENTATIONS = YES;
				CLANG_WARN_DIRECT_OBJC_ISA_USAGE = YES_ERROR;
				CLANG_WARN_DOCUMENTATION_COMMENTS = YES;
				CLANG_WARN_EMPTY_BODY = YES;
				CLANG_WARN_ENUM_CONVERSION = YES;
				CLANG_WARN_INFINITE_RECURSION = YES;
				CLANG_WARN_INT_CONVERSION = YES;
				CLANG_WARN_NON_LITERAL_NULL_CONVERSION = YES;
				CLANG_WARN_OBJC_IMPLICIT_RETAIN_SELF = YES;
				CLANG_WARN_OBJC_LITERAL_CONVERSION = YES;
				CLANG_WARN_OBJC_ROOT_CLASS = YES_ERROR;
				CLANG_WARN_RANGE_LOOP_ANALYSIS = YES;
				CLANG_WARN_STRICT_PROTOTYPES = YES;
				CLANG_WARN_SUSPICIOUS_MOVE = YES;
				CLANG_WARN_UNGUARDED_AVAILABILITY = YES_AGGRESSIVE;
				CLANG_WARN_UNREACHABLE_CODE = YES;
				CLANG_WARN__DUPLICATE_METHOD_MATCH = YES;
				COPY_PHASE_STRIP = NO;
				DEBUG_INFORMATION_FORMAT = dwarf;
				ENABLE_STRICT_OBJC_MSGSEND = YES;
				ENABLE_TESTABILITY = YES;
				GCC_C_LANGUAGE_STANDARD = gnu11;
				GCC_DYNAMIC_NO_PIC = NO;
				GCC_NO_COMMON_BLOCKS = YES;
				GCC_OPTIMIZATION_LEVEL = 0;
				GCC_PREPROCESSOR_DEFINITIONS = (
					"DEBUG=1",
					"$(inherited)",
				);
				GCC_WARN_64_TO_32_BIT_CONVERSION = YES;
				GCC_WARN_ABOUT_RETURN_TYPE = YES_ERROR;
				GCC_WARN_UNDECLARED_SELECTOR = YES;
				GCC_WARN_UNINITIALIZED_AUTOS = YES_AGGRESSIVE;
				GCC_WARN_UNUSED_FUNCTION = YES;
				GCC_WARN_UNUSED_VARIABLE = YES;
				IPHONEOS_DEPLOYMENT_TARGET = 13.2;
				MTL_ENABLE_DEBUG_INFO = INCLUDE_SOURCE;
				MTL_FAST_MATH = YES;
				ONLY_ACTIVE_ARCH = YES;
				SDKROOT = iphoneos;
				SWIFT_ACTIVE_COMPILATION_CONDITIONS = DEBUG;
				SWIFT_OPTIMIZATION_LEVEL = "-Onone";
			};
			name = Debug;
		};
		9B89AE27241DC699008B1AEA /* Release */ = {
			isa = XCBuildConfiguration;
			buildSettings = {
				ALWAYS_SEARCH_USER_PATHS = NO;
				CLANG_ANALYZER_NONNULL = YES;
				CLANG_ANALYZER_NUMBER_OBJECT_CONVERSION = YES_AGGRESSIVE;
				CLANG_CXX_LANGUAGE_STANDARD = "gnu++14";
				CLANG_CXX_LIBRARY = "libc++";
				CLANG_ENABLE_MODULES = YES;
				CLANG_ENABLE_OBJC_ARC = YES;
				CLANG_ENABLE_OBJC_WEAK = YES;
				CLANG_WARN_BLOCK_CAPTURE_AUTORELEASING = YES;
				CLANG_WARN_BOOL_CONVERSION = YES;
				CLANG_WARN_COMMA = YES;
				CLANG_WARN_CONSTANT_CONVERSION = YES;
				CLANG_WARN_DEPRECATED_OBJC_IMPLEMENTATIONS = YES;
				CLANG_WARN_DIRECT_OBJC_ISA_USAGE = YES_ERROR;
				CLANG_WARN_DOCUMENTATION_COMMENTS = YES;
				CLANG_WARN_EMPTY_BODY = YES;
				CLANG_WARN_ENUM_CONVERSION = YES;
				CLANG_WARN_INFINITE_RECURSION = YES;
				CLANG_WARN_INT_CONVERSION = YES;
				CLANG_WARN_NON_LITERAL_NULL_CONVERSION = YES;
				CLANG_WARN_OBJC_IMPLICIT_RETAIN_SELF = YES;
				CLANG_WARN_OBJC_LITERAL_CONVERSION = YES;
				CLANG_WARN_OBJC_ROOT_CLASS = YES_ERROR;
				CLANG_WARN_RANGE_LOOP_ANALYSIS = YES;
				CLANG_WARN_STRICT_PROTOTYPES = YES;
				CLANG_WARN_SUSPICIOUS_MOVE = YES;
				CLANG_WARN_UNGUARDED_AVAILABILITY = YES_AGGRESSIVE;
				CLANG_WARN_UNREACHABLE_CODE = YES;
				CLANG_WARN__DUPLICATE_METHOD_MATCH = YES;
				COPY_PHASE_STRIP = NO;
				DEBUG_INFORMATION_FORMAT = "dwarf-with-dsym";
				ENABLE_NS_ASSERTIONS = NO;
				ENABLE_STRICT_OBJC_MSGSEND = YES;
				GCC_C_LANGUAGE_STANDARD = gnu11;
				GCC_NO_COMMON_BLOCKS = YES;
				GCC_WARN_64_TO_32_BIT_CONVERSION = YES;
				GCC_WARN_ABOUT_RETURN_TYPE = YES_ERROR;
				GCC_WARN_UNDECLARED_SELECTOR = YES;
				GCC_WARN_UNINITIALIZED_AUTOS = YES_AGGRESSIVE;
				GCC_WARN_UNUSED_FUNCTION = YES;
				GCC_WARN_UNUSED_VARIABLE = YES;
				IPHONEOS_DEPLOYMENT_TARGET = 13.2;
				MTL_ENABLE_DEBUG_INFO = NO;
				MTL_FAST_MATH = YES;
				SDKROOT = iphoneos;
				SWIFT_COMPILATION_MODE = wholemodule;
				SWIFT_OPTIMIZATION_LEVEL = "-O";
				VALIDATE_PRODUCT = YES;
			};
			name = Release;
		};
		9B89AE29241DC699008B1AEA /* Debug */ = {
			isa = XCBuildConfiguration;
			baseConfigurationReference = A5A957FCBC48E72A44852EF8 /* Pods-Friend in Real.debug.xcconfig */;
			buildSettings = {
				ASSETCATALOG_COMPILER_APPICON_NAME = AppIcon;
				CODE_SIGN_STYLE = Automatic;
				DEVELOPMENT_TEAM = 9L7W5R9M6Z;
				INFOPLIST_FILE = "Friend in Real/Info.plist";
				IPHONEOS_DEPLOYMENT_TARGET = 13.2;
				LD_RUNPATH_SEARCH_PATHS = (
					"$(inherited)",
					"@executable_path/Frameworks",
				);
				PRODUCT_BUNDLE_IDENTIFIER = "com.wsxjames.Friend-in-Real";
				PRODUCT_NAME = "$(TARGET_NAME)";
				SWIFT_VERSION = 5.0;
				TARGETED_DEVICE_FAMILY = "1,2";
			};
			name = Debug;
		};
		9B89AE2A241DC699008B1AEA /* Release */ = {
			isa = XCBuildConfiguration;
			baseConfigurationReference = F4C2BA7A1C5CF44316B29B43 /* Pods-Friend in Real.release.xcconfig */;
			buildSettings = {
				ASSETCATALOG_COMPILER_APPICON_NAME = AppIcon;
				CODE_SIGN_STYLE = Automatic;
				DEVELOPMENT_TEAM = 9L7W5R9M6Z;
				INFOPLIST_FILE = "Friend in Real/Info.plist";
				IPHONEOS_DEPLOYMENT_TARGET = 13.2;
				LD_RUNPATH_SEARCH_PATHS = (
					"$(inherited)",
					"@executable_path/Frameworks",
				);
				PRODUCT_BUNDLE_IDENTIFIER = "com.wsxjames.Friend-in-Real";
				PRODUCT_NAME = "$(TARGET_NAME)";
				SWIFT_VERSION = 5.0;
				TARGETED_DEVICE_FAMILY = "1,2";
			};
			name = Release;
		};
/* End XCBuildConfiguration section */

/* Begin XCConfigurationList section */
		9B89AE0C241DC696008B1AEA /* Build configuration list for PBXProject "Friend in Real" */ = {
			isa = XCConfigurationList;
			buildConfigurations = (
				9B89AE26241DC699008B1AEA /* Debug */,
				9B89AE27241DC699008B1AEA /* Release */,
			);
			defaultConfigurationIsVisible = 0;
			defaultConfigurationName = Release;
		};
		9B89AE28241DC699008B1AEA /* Build configuration list for PBXNativeTarget "Friend in Real" */ = {
			isa = XCConfigurationList;
			buildConfigurations = (
				9B89AE29241DC699008B1AEA /* Debug */,
				9B89AE2A241DC699008B1AEA /* Release */,
			);
			defaultConfigurationIsVisible = 0;
			defaultConfigurationName = Release;
		};
/* End XCConfigurationList section */

/* Begin XCVersionGroup section */
		9B89AE1D241DC696008B1AEA /* Friend_in_Real.xcdatamodeld */ = {
			isa = XCVersionGroup;
			children = (
				9B89AE1E241DC696008B1AEA /* Friend_in_Real.xcdatamodel */,
			);
			currentVersion = 9B89AE1E241DC696008B1AEA /* Friend_in_Real.xcdatamodel */;
			path = Friend_in_Real.xcdatamodeld;
			sourceTree = "<group>";
			versionGroupType = wrapper.xcdatamodel;
		};
/* End XCVersionGroup section */
	};
	rootObject = 9B89AE09241DC696008B1AEA /* Project object */;
}
